PODS:
  - AFNetworking (2.2.4):
    - AFNetworking/NSURLConnection
    - AFNetworking/NSURLSession
    - AFNetworking/Reachability
    - AFNetworking/Security
    - AFNetworking/Serialization
    - AFNetworking/UIKit
  - AFNetworking/NSURLConnection (2.2.4):
    - AFNetworking/Reachability
    - AFNetworking/Security
    - AFNetworking/Serialization
  - AFNetworking/NSURLSession (2.2.4):
    - AFNetworking/NSURLConnection
  - AFNetworking/Reachability (2.2.4)
  - AFNetworking/Security (2.2.4)
  - AFNetworking/Serialization (2.2.4)
  - AFNetworking/UIKit (2.2.4):
    - AFNetworking/NSURLConnection
    - AFNetworking/NSURLSession
  - CocoaLumberjack (1.9.0):
    - CocoaLumberjack/Extensions
  - CocoaLumberjack/Core (1.9.0)
  - CocoaLumberjack/Extensions (1.9.0):
    - CocoaLumberjack/Core
  - HockeySDK (3.5.5)
  - hpple (0.2.0)
  - NewRelicAgent (3.324)
  - Reveal-iOS-SDK (1.0.4)
  - SDWebImage (3.6):
    - SDWebImage/Core
  - SDWebImage/Core (3.6)

DEPENDENCIES:
  - AFNetworking (~> 2.2.4)
  - CocoaLumberjack (~> 1.9.0)
  - HockeySDK (~> 3.5.5)
  - hpple (~> 0.2.0)
  - NewRelicAgent (~> 3.324)
  - Reveal-iOS-SDK (~> 1.0.4)
  - SDWebImage (~> 3.6)

SPEC CHECKSUMS:
  AFNetworking: ab63e259fe91eef4519b371ef0a4955af0e73e64
  CocoaLumberjack: 5766cdd1d0a24bcf15a133c6023747346bf786dd
  HockeySDK: f9af97c2f5df4eb6ca6d2a9c408f2ff498edd608
  hpple: f4eb7c21a8db83ec264e5d614ec7509e10e5adec
  NewRelicAgent: 36d31c220b7a7fa2c83a71df87c62d48d0c7d1c4
  Reveal-iOS-SDK: d3c8e109d42219daaa7a6e1ad2de34f0bdbb7a88
  SDWebImage: c6989652c1cdf27cbdf3f56957e2030f825af5bc

COCOAPODS: 0.33.1
