// !$*UTF8*$!
{
	archiveVersion = 1;
	classes = {
	};
	objectVersion = 46;
	objects = {

/* Begin PBXBuildFile section */
		BB9DDEB58975410C9E19284D /* libPods.a in Frameworks */ = {isa = PBXBuildFile; fileRef = 8F3BB67197C5456097DF74C7 /* libPods.a */; };
		C718B9781943A06100996736 /* WBSFantorangenEpisodeTableViewCell+WBSEpisode.m in Sources */ = {isa = PBXBuildFile; fileRef = C718B9771943A06100996736 /* WBSFantorangenEpisodeTableViewCell+WBSEpisode.m */; };
		C718B9791943A1EF00996736 /* WBSFantorangenEpisodeTableViewCell.m in Sources */ = {isa = PBXBuildFile; fileRef = C7DBBC78187875BA00DC6C22 /* WBSFantorangenEpisodeTableViewCell.m */; };
		C718B97C1944412300996736 /* WBSProgramStorage.m in Sources */ = {isa = PBXBuildFile; fileRef = C718B97B1944412300996736 /* WBSProgramStorage.m */; };
		C718B97F19444E2000996736 /* WBSSeason.m in Sources */ = {isa = PBXBuildFile; fileRef = C718B97E19444E2000996736 /* WBSSeason.m */; };
		C779F52018763507002E75EF /* WBSAVPlayerView.m in Sources */ = {isa = PBXBuildFile; fileRef = C779F50E18763507002E75EF /* WBSAVPlayerView.m */; };
		C779F52118763507002E75EF /* WBSAVPlayerViewController.m in Sources */ = {isa = PBXBuildFile; fileRef = C779F51018763507002E75EF /* WBSAVPlayerViewController.m */; };
		C779F52218763507002E75EF /* WBSFantorangenEpisodeManager.m in Sources */ = {isa = PBXBuildFile; fileRef = C779F51318763507002E75EF /* WBSFantorangenEpisodeManager.m */; };
		C779F52318763507002E75EF /* WBSFantorangenWebViewOperation.m in Sources */ = {isa = PBXBuildFile; fileRef = C779F51518763507002E75EF /* WBSFantorangenWebViewOperation.m */; };
		C779F52418763507002E75EF /* WBSEpisode.m in Sources */ = {isa = PBXBuildFile; fileRef = C779F51818763507002E75EF /* WBSEpisode.m */; };
		C779F52618763507002E75EF /* main.m in Sources */ = {isa = PBXBuildFile; fileRef = C779F51C18763507002E75EF /* main.m */; };
		C779F52718763507002E75EF /* WBSFantorangenEpisodeViewController.m in Sources */ = {isa = PBXBuildFile; fileRef = C779F51F18763507002E75EF /* WBSFantorangenEpisodeViewController.m */; };
		C779F52D1876355F002E75EF /* Main.storyboard in Resources */ = {isa = PBXBuildFile; fileRef = C779F5291876355F002E75EF /* Main.storyboard */; };
		C779F52E1876355F002E75EF /* InfoPlist.strings in Resources */ = {isa = PBXBuildFile; fileRef = C779F52B1876355F002E75EF /* InfoPlist.strings */; };
		C7ADB0CF1885C3EF00BE2ED9 /* NSObject+Nametags.m in Sources */ = {isa = PBXBuildFile; fileRef = C7ADB0CE1885C3EF00BE2ED9 /* NSObject+Nametags.m */; };
		C7ADB0D21885E86900BE2ED9 /* UIImage+Resize.m in Sources */ = {isa = PBXBuildFile; fileRef = C7ADB0D11885E86900BE2ED9 /* UIImage+Resize.m */; };
		C7BE20331872BD590039F44A /* Foundation.framework in Frameworks */ = {isa = PBXBuildFile; fileRef = C7BE20321872BD590039F44A /* Foundation.framework */; };
		C7BE20351872BD590039F44A /* CoreGraphics.framework in Frameworks */ = {isa = PBXBuildFile; fileRef = C7BE20341872BD590039F44A /* CoreGraphics.framework */; };
		C7BE20371872BD590039F44A /* UIKit.framework in Frameworks */ = {isa = PBXBuildFile; fileRef = C7BE20361872BD590039F44A /* UIKit.framework */; };
		C7BE20431872BD590039F44A /* WBSAppDelegate.m in Sources */ = {isa = PBXBuildFile; fileRef = C7BE20421872BD590039F44A /* WBSAppDelegate.m */; };
		C7BE204B1872BD590039F44A /* Images.xcassets in Resources */ = {isa = PBXBuildFile; fileRef = C7BE204A1872BD590039F44A /* Images.xcassets */; };
		C7BE20521872BD590039F44A /* XCTest.framework in Frameworks */ = {isa = PBXBuildFile; fileRef = C7BE20511872BD590039F44A /* XCTest.framework */; };
		C7BE20531872BD590039F44A /* Foundation.framework in Frameworks */ = {isa = PBXBuildFile; fileRef = C7BE20321872BD590039F44A /* Foundation.framework */; };
		C7BE20541872BD590039F44A /* UIKit.framework in Frameworks */ = {isa = PBXBuildFile; fileRef = C7BE20361872BD590039F44A /* UIKit.framework */; };
		C7BE205C1872BD590039F44A /* InfoPlist.strings in Resources */ = {isa = PBXBuildFile; fileRef = C7BE205A1872BD590039F44A /* InfoPlist.strings */; };
		C7BE205E1872BD590039F44A /* FantorangenTests.m in Sources */ = {isa = PBXBuildFile; fileRef = C7BE205D1872BD590039F44A /* FantorangenTests.m */; };
		C7BE207418743BD70039F44A /* NSMutableArray+WBSQueue.m in Sources */ = {isa = PBXBuildFile; fileRef = C7BE207318743BD70039F44A /* NSMutableArray+WBSQueue.m */; };
		C7C82C6A18849C96000FE61D /* WBSScrubberView.m in Sources */ = {isa = PBXBuildFile; fileRef = C7C82C6918849C96000FE61D /* WBSScrubberView.m */; };
		C7DBBC7618786FC500DC6C22 /* WBSFantorangenEpisodesViewController.m in Sources */ = {isa = PBXBuildFile; fileRef = C7DBBC7518786FC500DC6C22 /* WBSFantorangenEpisodesViewController.m */; };
		C7DBBC7C187B65DA00DC6C22 /* WBSFantorangenEpisodesSectionTableViewCell.m in Sources */ = {isa = PBXBuildFile; fileRef = C7DBBC7B187B65DA00DC6C22 /* WBSFantorangenEpisodesSectionTableViewCell.m */; };
		C7F09C60187CAFDC00BCCF11 /* NSArray+RandomOrder.m in Sources */ = {isa = PBXBuildFile; fileRef = C7F09C5F187CAFDC00BCCF11 /* NSArray+RandomOrder.m */; };
/* End PBXBuildFile section */

/* Begin PBXContainerItemProxy section */
		C7BE20551872BD590039F44A /* PBXContainerItemProxy */ = {
			isa = PBXContainerItemProxy;
			containerPortal = C7BE20271872BD590039F44A /* Project object */;
			proxyType = 1;
			remoteGlobalIDString = C7BE202E1872BD590039F44A;
			remoteInfo = Fantorangen;
		};
/* End PBXContainerItemProxy section */

/* Begin PBXFileReference section */
		49FBD68575E64DC6B845FD75 /* Pods.xcconfig */ = {isa = PBXFileReference; includeInIndex = 1; lastKnownFileType = text.xcconfig; name = Pods.xcconfig; path = Pods/Pods.xcconfig; sourceTree = "<group>"; };
		8F3BB67197C5456097DF74C7 /* libPods.a */ = {isa = PBXFileReference; explicitFileType = archive.ar; includeInIndex = 0; path = libPods.a; sourceTree = BUILT_PRODUCTS_DIR; };
		C718B9761943A06100996736 /* WBSFantorangenEpisodeTableViewCell+WBSEpisode.h */ = {isa = PBXFileReference; fileEncoding = 4; lastKnownFileType = sourcecode.c.h; path = "WBSFantorangenEpisodeTableViewCell+WBSEpisode.h"; sourceTree = "<group>"; };
		C718B9771943A06100996736 /* WBSFantorangenEpisodeTableViewCell+WBSEpisode.m */ = {isa = PBXFileReference; fileEncoding = 4; lastKnownFileType = sourcecode.c.objc; path = "WBSFantorangenEpisodeTableViewCell+WBSEpisode.m"; sourceTree = "<group>"; };
		C718B97A1944412200996736 /* WBSProgramStorage.h */ = {isa = PBXFileReference; fileEncoding = 4; lastKnownFileType = sourcecode.c.h; path = WBSProgramStorage.h; sourceTree = "<group>"; };
		C718B97B1944412300996736 /* WBSProgramStorage.m */ = {isa = PBXFileReference; fileEncoding = 4; lastKnownFileType = sourcecode.c.objc; path = WBSProgramStorage.m; sourceTree = "<group>"; };
		C718B97D19444E2000996736 /* WBSSeason.h */ = {isa = PBXFileReference; fileEncoding = 4; lastKnownFileType = sourcecode.c.h; path = WBSSeason.h; sourceTree = "<group>"; };
		C718B97E19444E2000996736 /* WBSSeason.m */ = {isa = PBXFileReference; fileEncoding = 4; lastKnownFileType = sourcecode.c.objc; path = WBSSeason.m; sourceTree = "<group>"; };
		C779F50D18763507002E75EF /* WBSAVPlayerView.h */ = {isa = PBXFileReference; fileEncoding = 4; lastKnownFileType = sourcecode.c.h; path = WBSAVPlayerView.h; sourceTree = "<group>"; };
		C779F50E18763507002E75EF /* WBSAVPlayerView.m */ = {isa = PBXFileReference; fileEncoding = 4; lastKnownFileType = sourcecode.c.objc; path = WBSAVPlayerView.m; sourceTree = "<group>"; };
		C779F50F18763507002E75EF /* WBSAVPlayerViewController.h */ = {isa = PBXFileReference; fileEncoding = 4; lastKnownFileType = sourcecode.c.h; path = WBSAVPlayerViewController.h; sourceTree = "<group>"; };
		C779F51018763507002E75EF /* WBSAVPlayerViewController.m */ = {isa = PBXFileReference; fileEncoding = 4; lastKnownFileType = sourcecode.c.objc; path = WBSAVPlayerViewController.m; sourceTree = "<group>"; };
		C779F51218763507002E75EF /* WBSFantorangenEpisodeManager.h */ = {isa = PBXFileReference; fileEncoding = 4; lastKnownFileType = sourcecode.c.h; path = WBSFantorangenEpisodeManager.h; sourceTree = "<group>"; };
		C779F51318763507002E75EF /* WBSFantorangenEpisodeManager.m */ = {isa = PBXFileReference; fileEncoding = 4; lastKnownFileType = sourcecode.c.objc; path = WBSFantorangenEpisodeManager.m; sourceTree = "<group>"; };
		C779F51418763507002E75EF /* WBSFantorangenWebViewOperation.h */ = {isa = PBXFileReference; fileEncoding = 4; lastKnownFileType = sourcecode.c.h; path = WBSFantorangenWebViewOperation.h; sourceTree = "<group>"; };
		C779F51518763507002E75EF /* WBSFantorangenWebViewOperation.m */ = {isa = PBXFileReference; fileEncoding = 4; lastKnownFileType = sourcecode.c.objc; path = WBSFantorangenWebViewOperation.m; sourceTree = "<group>"; };
		C779F51718763507002E75EF /* WBSEpisode.h */ = {isa = PBXFileReference; fileEncoding = 4; lastKnownFileType = sourcecode.c.h; path = WBSEpisode.h; sourceTree = "<group>"; };
		C779F51818763507002E75EF /* WBSEpisode.m */ = {isa = PBXFileReference; fileEncoding = 4; lastKnownFileType = sourcecode.c.objc; path = WBSEpisode.m; sourceTree = "<group>"; };
		C779F51A18763507002E75EF /* Fantorangen-Info.plist */ = {isa = PBXFileReference; fileEncoding = 4; lastKnownFileType = text.plist.xml; path = "Fantorangen-Info.plist"; sourceTree = "<group>"; };
		C779F51B18763507002E75EF /* Fantorangen-Prefix.pch */ = {isa = PBXFileReference; fileEncoding = 4; lastKnownFileType = sourcecode.c.h; path = "Fantorangen-Prefix.pch"; sourceTree = "<group>"; };
		C779F51C18763507002E75EF /* main.m */ = {isa = PBXFileReference; fileEncoding = 4; lastKnownFileType = sourcecode.c.objc; path = main.m; sourceTree = "<group>"; };
		C779F51E18763507002E75EF /* WBSFantorangenEpisodeViewController.h */ = {isa = PBXFileReference; fileEncoding = 4; lastKnownFileType = sourcecode.c.h; path = WBSFantorangenEpisodeViewController.h; sourceTree = "<group>"; };
		C779F51F18763507002E75EF /* WBSFantorangenEpisodeViewController.m */ = {isa = PBXFileReference; fileEncoding = 4; lastKnownFileType = sourcecode.c.objc; path = WBSFantorangenEpisodeViewController.m; sourceTree = "<group>"; };
		C779F52A1876355F002E75EF /* Base */ = {isa = PBXFileReference; lastKnownFileType = file.storyboard; name = Base; path = Base.lproj/Main.storyboard; sourceTree = "<group>"; };
		C779F52C1876355F002E75EF /* en */ = {isa = PBXFileReference; lastKnownFileType = text.plist.strings; name = en; path = en.lproj/InfoPlist.strings; sourceTree = "<group>"; };
		C7ADB0CD1885C3EF00BE2ED9 /* NSObject+Nametags.h */ = {isa = PBXFileReference; fileEncoding = 4; lastKnownFileType = sourcecode.c.h; path = "NSObject+Nametags.h"; sourceTree = "<group>"; };
		C7ADB0CE1885C3EF00BE2ED9 /* NSObject+Nametags.m */ = {isa = PBXFileReference; fileEncoding = 4; lastKnownFileType = sourcecode.c.objc; path = "NSObject+Nametags.m"; sourceTree = "<group>"; };
		C7ADB0D01885E86900BE2ED9 /* UIImage+Resize.h */ = {isa = PBXFileReference; fileEncoding = 4; lastKnownFileType = sourcecode.c.h; path = "UIImage+Resize.h"; sourceTree = "<group>"; };
		C7ADB0D11885E86900BE2ED9 /* UIImage+Resize.m */ = {isa = PBXFileReference; fileEncoding = 4; lastKnownFileType = sourcecode.c.objc; path = "UIImage+Resize.m"; sourceTree = "<group>"; };
		C7BE202F1872BD590039F44A /* Fantorangen.app */ = {isa = PBXFileReference; explicitFileType = wrapper.application; includeInIndex = 0; path = Fantorangen.app; sourceTree = BUILT_PRODUCTS_DIR; };
		C7BE20321872BD590039F44A /* Foundation.framework */ = {isa = PBXFileReference; lastKnownFileType = wrapper.framework; name = Foundation.framework; path = System/Library/Frameworks/Foundation.framework; sourceTree = SDKROOT; };
		C7BE20341872BD590039F44A /* CoreGraphics.framework */ = {isa = PBXFileReference; lastKnownFileType = wrapper.framework; name = CoreGraphics.framework; path = System/Library/Frameworks/CoreGraphics.framework; sourceTree = SDKROOT; };
		C7BE20361872BD590039F44A /* UIKit.framework */ = {isa = PBXFileReference; lastKnownFileType = wrapper.framework; name = UIKit.framework; path = System/Library/Frameworks/UIKit.framework; sourceTree = SDKROOT; };
		C7BE20411872BD590039F44A /* WBSAppDelegate.h */ = {isa = PBXFileReference; lastKnownFileType = sourcecode.c.h; path = WBSAppDelegate.h; sourceTree = "<group>"; };
		C7BE20421872BD590039F44A /* WBSAppDelegate.m */ = {isa = PBXFileReference; lastKnownFileType = sourcecode.c.objc; path = WBSAppDelegate.m; sourceTree = "<group>"; };
		C7BE204A1872BD590039F44A /* Images.xcassets */ = {isa = PBXFileReference; lastKnownFileType = folder.assetcatalog; path = Images.xcassets; sourceTree = "<group>"; };
		C7BE20501872BD590039F44A /* FantorangenTests.xctest */ = {isa = PBXFileReference; explicitFileType = wrapper.cfbundle; includeInIndex = 0; path = FantorangenTests.xctest; sourceTree = BUILT_PRODUCTS_DIR; };
		C7BE20511872BD590039F44A /* XCTest.framework */ = {isa = PBXFileReference; lastKnownFileType = wrapper.framework; name = XCTest.framework; path = Library/Frameworks/XCTest.framework; sourceTree = DEVELOPER_DIR; };
		C7BE20591872BD590039F44A /* FantorangenTests-Info.plist */ = {isa = PBXFileReference; lastKnownFileType = text.plist.xml; path = "FantorangenTests-Info.plist"; sourceTree = "<group>"; };
		C7BE205B1872BD590039F44A /* en */ = {isa = PBXFileReference; lastKnownFileType = text.plist.strings; name = en; path = en.lproj/InfoPlist.strings; sourceTree = "<group>"; };
		C7BE205D1872BD590039F44A /* FantorangenTests.m */ = {isa = PBXFileReference; lastKnownFileType = sourcecode.c.objc; path = FantorangenTests.m; sourceTree = "<group>"; };
		C7BE20671872BDF90039F44A /* MediaPlayer.framework */ = {isa = PBXFileReference; lastKnownFileType = wrapper.framework; name = MediaPlayer.framework; path = System/Library/Frameworks/MediaPlayer.framework; sourceTree = SDKROOT; };
		C7BE207218743BD70039F44A /* NSMutableArray+WBSQueue.h */ = {isa = PBXFileReference; fileEncoding = 4; lastKnownFileType = sourcecode.c.h; path = "NSMutableArray+WBSQueue.h"; sourceTree = "<group>"; };
		C7BE207318743BD70039F44A /* NSMutableArray+WBSQueue.m */ = {isa = PBXFileReference; fileEncoding = 4; lastKnownFileType = sourcecode.c.objc; path = "NSMutableArray+WBSQueue.m"; sourceTree = "<group>"; };
		C7C82C6818849C96000FE61D /* WBSScrubberView.h */ = {isa = PBXFileReference; fileEncoding = 4; lastKnownFileType = sourcecode.c.h; path = WBSScrubberView.h; sourceTree = "<group>"; };
		C7C82C6918849C96000FE61D /* WBSScrubberView.m */ = {isa = PBXFileReference; fileEncoding = 4; lastKnownFileType = sourcecode.c.objc; path = WBSScrubberView.m; sourceTree = "<group>"; };
		C7DBBC7418786FC500DC6C22 /* WBSFantorangenEpisodesViewController.h */ = {isa = PBXFileReference; fileEncoding = 4; lastKnownFileType = sourcecode.c.h; path = WBSFantorangenEpisodesViewController.h; sourceTree = "<group>"; };
		C7DBBC7518786FC500DC6C22 /* WBSFantorangenEpisodesViewController.m */ = {isa = PBXFileReference; fileEncoding = 4; lastKnownFileType = sourcecode.c.objc; path = WBSFantorangenEpisodesViewController.m; sourceTree = "<group>"; };
		C7DBBC77187875BA00DC6C22 /* WBSFantorangenEpisodeTableViewCell.h */ = {isa = PBXFileReference; fileEncoding = 4; lastKnownFileType = sourcecode.c.h; path = WBSFantorangenEpisodeTableViewCell.h; sourceTree = "<group>"; };
		C7DBBC78187875BA00DC6C22 /* WBSFantorangenEpisodeTableViewCell.m */ = {isa = PBXFileReference; fileEncoding = 4; lastKnownFileType = sourcecode.c.objc; path = WBSFantorangenEpisodeTableViewCell.m; sourceTree = "<group>"; };
		C7DBBC7A187B65DA00DC6C22 /* WBSFantorangenEpisodesSectionTableViewCell.h */ = {isa = PBXFileReference; fileEncoding = 4; lastKnownFileType = sourcecode.c.h; path = WBSFantorangenEpisodesSectionTableViewCell.h; sourceTree = "<group>"; };
		C7DBBC7B187B65DA00DC6C22 /* WBSFantorangenEpisodesSectionTableViewCell.m */ = {isa = PBXFileReference; fileEncoding = 4; lastKnownFileType = sourcecode.c.objc; path = WBSFantorangenEpisodesSectionTableViewCell.m; sourceTree = "<group>"; };
		C7F09C5E187CAFDC00BCCF11 /* NSArray+RandomOrder.h */ = {isa = PBXFileReference; fileEncoding = 4; lastKnownFileType = sourcecode.c.h; path = "NSArray+RandomOrder.h"; sourceTree = "<group>"; };
		C7F09C5F187CAFDC00BCCF11 /* NSArray+RandomOrder.m */ = {isa = PBXFileReference; fileEncoding = 4; lastKnownFileType = sourcecode.c.objc; path = "NSArray+RandomOrder.m"; sourceTree = "<group>"; };
/* End PBXFileReference section */

/* Begin PBXFrameworksBuildPhase section */
		C7BE202C1872BD590039F44A /* Frameworks */ = {
			isa = PBXFrameworksBuildPhase;
			buildActionMask = 2147483647;
			files = (
				C7BE20351872BD590039F44A /* CoreGraphics.framework in Frameworks */,
				C7BE20371872BD590039F44A /* UIKit.framework in Frameworks */,
				C7BE20331872BD590039F44A /* Foundation.framework in Frameworks */,
				BB9DDEB58975410C9E19284D /* libPods.a in Frameworks */,
			);
			runOnlyForDeploymentPostprocessing = 0;
		};
		C7BE204D1872BD590039F44A /* Frameworks */ = {
			isa = PBXFrameworksBuildPhase;
			buildActionMask = 2147483647;
			files = (
				C7BE20521872BD590039F44A /* XCTest.framework in Frameworks */,
				C7BE20541872BD590039F44A /* UIKit.framework in Frameworks */,
				C7BE20531872BD590039F44A /* Foundation.framework in Frameworks */,
			);
			runOnlyForDeploymentPostprocessing = 0;
		};
/* End PBXFrameworksBuildPhase section */

/* Begin PBXGroup section */
		C779F50C18763507002E75EF /* AVPlayer */ = {
			isa = PBXGroup;
			children = (
				C779F50D18763507002E75EF /* WBSAVPlayerView.h */,
				C779F50E18763507002E75EF /* WBSAVPlayerView.m */,
				C779F50F18763507002E75EF /* WBSAVPlayerViewController.h */,
				C779F51018763507002E75EF /* WBSAVPlayerViewController.m */,
				C7C82C6818849C96000FE61D /* WBSScrubberView.h */,
				C7C82C6918849C96000FE61D /* WBSScrubberView.m */,
				C7ADB0D01885E86900BE2ED9 /* UIImage+Resize.h */,
				C7ADB0D11885E86900BE2ED9 /* UIImage+Resize.m */,
				C7ADB0CD1885C3EF00BE2ED9 /* NSObject+Nametags.h */,
				C7ADB0CE1885C3EF00BE2ED9 /* NSObject+Nametags.m */,
			);
			path = AVPlayer;
			sourceTree = "<group>";
		};
		C779F51118763507002E75EF /* Episode Manager */ = {
			isa = PBXGroup;
			children = (
				C779F51218763507002E75EF /* WBSFantorangenEpisodeManager.h */,
				C779F51318763507002E75EF /* WBSFantorangenEpisodeManager.m */,
				C779F51418763507002E75EF /* WBSFantorangenWebViewOperation.h */,
				C779F51518763507002E75EF /* WBSFantorangenWebViewOperation.m */,
				C718B97A1944412200996736 /* WBSProgramStorage.h */,
				C718B97B1944412300996736 /* WBSProgramStorage.m */,
			);
			path = "Episode Manager";
			sourceTree = "<group>";
		};
		C779F51618763507002E75EF /* Model */ = {
			isa = PBXGroup;
			children = (
				C779F51718763507002E75EF /* WBSEpisode.h */,
				C779F51818763507002E75EF /* WBSEpisode.m */,
				C718B97D19444E2000996736 /* WBSSeason.h */,
				C718B97E19444E2000996736 /* WBSSeason.m */,
			);
			path = Model;
			sourceTree = "<group>";
		};
		C779F51918763507002E75EF /* Supporting Files */ = {
			isa = PBXGroup;
			children = (
				C779F51A18763507002E75EF /* Fantorangen-Info.plist */,
				C779F51B18763507002E75EF /* Fantorangen-Prefix.pch */,
				C779F51C18763507002E75EF /* main.m */,
			);
			path = "Supporting Files";
			sourceTree = "<group>";
		};
		C779F51D18763507002E75EF /* View Controllers */ = {
			isa = PBXGroup;
			children = (
				C779F51E18763507002E75EF /* WBSFantorangenEpisodeViewController.h */,
				C779F51F18763507002E75EF /* WBSFantorangenEpisodeViewController.m */,
				C7DBBC7418786FC500DC6C22 /* WBSFantorangenEpisodesViewController.h */,
				C7DBBC7518786FC500DC6C22 /* WBSFantorangenEpisodesViewController.m */,
				C7DBBC7A187B65DA00DC6C22 /* WBSFantorangenEpisodesSectionTableViewCell.h */,
				C7DBBC7B187B65DA00DC6C22 /* WBSFantorangenEpisodesSectionTableViewCell.m */,
				C7DBBC77187875BA00DC6C22 /* WBSFantorangenEpisodeTableViewCell.h */,
				C7DBBC78187875BA00DC6C22 /* WBSFantorangenEpisodeTableViewCell.m */,
				C718B9761943A06100996736 /* WBSFantorangenEpisodeTableViewCell+WBSEpisode.h */,
				C718B9771943A06100996736 /* WBSFantorangenEpisodeTableViewCell+WBSEpisode.m */,
			);
			path = "View Controllers";
			sourceTree = "<group>";
		};
		C779F5281876355F002E75EF /* Resources */ = {
			isa = PBXGroup;
			children = (
				C779F5291876355F002E75EF /* Main.storyboard */,
				C779F52B1876355F002E75EF /* InfoPlist.strings */,
			);
			path = Resources;
			sourceTree = "<group>";
		};
		C7BE20261872BD590039F44A = {
			isa = PBXGroup;
			children = (
				C7BE20381872BD590039F44A /* Fantorangen */,
				C7BE20571872BD590039F44A /* FantorangenTests */,
				C7BE20311872BD590039F44A /* Frameworks */,
				C7BE20301872BD590039F44A /* Products */,
				49FBD68575E64DC6B845FD75 /* Pods.xcconfig */,
			);
			sourceTree = "<group>";
		};
		C7BE20301872BD590039F44A /* Products */ = {
			isa = PBXGroup;
			children = (
				C7BE202F1872BD590039F44A /* Fantorangen.app */,
				C7BE20501872BD590039F44A /* FantorangenTests.xctest */,
			);
			name = Products;
			sourceTree = "<group>";
		};
		C7BE20311872BD590039F44A /* Frameworks */ = {
			isa = PBXGroup;
			children = (
				C7BE20671872BDF90039F44A /* MediaPlayer.framework */,
				C7BE20321872BD590039F44A /* Foundation.framework */,
				C7BE20341872BD590039F44A /* CoreGraphics.framework */,
				C7BE20361872BD590039F44A /* UIKit.framework */,
				C7BE20511872BD590039F44A /* XCTest.framework */,
				8F3BB67197C5456097DF74C7 /* libPods.a */,
			);
			name = Frameworks;
			sourceTree = "<group>";
		};
		C7BE20381872BD590039F44A /* Fantorangen */ = {
			isa = PBXGroup;
			children = (
				C779F5281876355F002E75EF /* Resources */,
				C779F50C18763507002E75EF /* AVPlayer */,
				C779F51118763507002E75EF /* Episode Manager */,
				C779F51618763507002E75EF /* Model */,
				C779F51918763507002E75EF /* Supporting Files */,
				C779F51D18763507002E75EF /* View Controllers */,
				C7BE20411872BD590039F44A /* WBSAppDelegate.h */,
				C7BE20421872BD590039F44A /* WBSAppDelegate.m */,
				C7BE204A1872BD590039F44A /* Images.xcassets */,
				C7BE207218743BD70039F44A /* NSMutableArray+WBSQueue.h */,
				C7BE207318743BD70039F44A /* NSMutableArray+WBSQueue.m */,
				C7F09C5E187CAFDC00BCCF11 /* NSArray+RandomOrder.h */,
				C7F09C5F187CAFDC00BCCF11 /* NSArray+RandomOrder.m */,
			);
			path = Fantorangen;
			sourceTree = "<group>";
		};
		C7BE20571872BD590039F44A /* FantorangenTests */ = {
			isa = PBXGroup;
			children = (
				C7BE205D1872BD590039F44A /* FantorangenTests.m */,
				C7BE20581872BD590039F44A /* Supporting Files */,
			);
			path = FantorangenTests;
			sourceTree = "<group>";
		};
		C7BE20581872BD590039F44A /* Supporting Files */ = {
			isa = PBXGroup;
			children = (
				C7BE20591872BD590039F44A /* FantorangenTests-Info.plist */,
				C7BE205A1872BD590039F44A /* InfoPlist.strings */,
			);
			name = "Supporting Files";
			sourceTree = "<group>";
		};
/* End PBXGroup section */

/* Begin PBXNativeTarget section */
		C7BE202E1872BD590039F44A /* Fantorangen */ = {
			isa = PBXNativeTarget;
			buildConfigurationList = C7BE20611872BD590039F44A /* Build configuration list for PBXNativeTarget "Fantorangen" */;
			buildPhases = (
				F1F5CAD742AC4DEFAD0B3E15 /* Check Pods Manifest.lock */,
				C7BE202B1872BD590039F44A /* Sources */,
				C7BE202C1872BD590039F44A /* Frameworks */,
				C7BE202D1872BD590039F44A /* Resources */,
				F3EDA83F5F48424AB790029D /* Copy Pods Resources */,
			);
			buildRules = (
			);
			dependencies = (
			);
			name = Fantorangen;
			productName = Fantorangen;
			productReference = C7BE202F1872BD590039F44A /* Fantorangen.app */;
			productType = "com.apple.product-type.application";
		};
		C7BE204F1872BD590039F44A /* FantorangenTests */ = {
			isa = PBXNativeTarget;
			buildConfigurationList = C7BE20641872BD590039F44A /* Build configuration list for PBXNativeTarget "FantorangenTests" */;
			buildPhases = (
				C7BE204C1872BD590039F44A /* Sources */,
				C7BE204D1872BD590039F44A /* Frameworks */,
				C7BE204E1872BD590039F44A /* Resources */,
			);
			buildRules = (
			);
			dependencies = (
				C7BE20561872BD590039F44A /* PBXTargetDependency */,
			);
			name = FantorangenTests;
			productName = FantorangenTests;
			productReference = C7BE20501872BD590039F44A /* FantorangenTests.xctest */;
			productType = "com.apple.product-type.bundle.unit-test";
		};
/* End PBXNativeTarget section */

/* Begin PBXProject section */
		C7BE20271872BD590039F44A /* Project object */ = {
			isa = PBXProject;
			attributes = {
				CLASSPREFIX = WBS;
				LastUpgradeCheck = 0500;
				ORGANIZATIONNAME = "Wolf and Bear Studios";
				TargetAttributes = {
					C7BE202E1872BD590039F44A = {
						SystemCapabilities = {
							com.apple.BackgroundModes = {
								enabled = 1;
							};
						};
					};
					C7BE204F1872BD590039F44A = {
						TestTargetID = C7BE202E1872BD590039F44A;
					};
				};
			};
			buildConfigurationList = C7BE202A1872BD590039F44A /* Build configuration list for PBXProject "Fantorangen" */;
			compatibilityVersion = "Xcode 3.2";
			developmentRegion = English;
			hasScannedForEncodings = 0;
			knownRegions = (
				en,
				Base,
			);
			mainGroup = C7BE20261872BD590039F44A;
			productRefGroup = C7BE20301872BD590039F44A /* Products */;
			projectDirPath = "";
			projectRoot = "";
			targets = (
				C7BE202E1872BD590039F44A /* Fantorangen */,
				C7BE204F1872BD590039F44A /* FantorangenTests */,
			);
		};
/* End PBXProject section */

/* Begin PBXResourcesBuildPhase section */
		C7BE202D1872BD590039F44A /* Resources */ = {
			isa = PBXResourcesBuildPhase;
			buildActionMask = 2147483647;
			files = (
				C779F52D1876355F002E75EF /* Main.storyboard in Resources */,
				C779F52E1876355F002E75EF /* InfoPlist.strings in Resources */,
				C7BE204B1872BD590039F44A /* Images.xcassets in Resources */,
			);
			runOnlyForDeploymentPostprocessing = 0;
		};
		C7BE204E1872BD590039F44A /* Resources */ = {
			isa = PBXResourcesBuildPhase;
			buildActionMask = 2147483647;
			files = (
				C7BE205C1872BD590039F44A /* InfoPlist.strings in Resources */,
			);
			runOnlyForDeploymentPostprocessing = 0;
		};
/* End PBXResourcesBuildPhase section */

/* Begin PBXShellScriptBuildPhase section */
		F1F5CAD742AC4DEFAD0B3E15 /* Check Pods Manifest.lock */ = {
			isa = PBXShellScriptBuildPhase;
			buildActionMask = 2147483647;
			files = (
			);
			inputPaths = (
			);
			name = "Check Pods Manifest.lock";
			outputPaths = (
			);
			runOnlyForDeploymentPostprocessing = 0;
			shellPath = /bin/sh;
			shellScript = "diff \"${PODS_ROOT}/../Podfile.lock\" \"${PODS_ROOT}/Manifest.lock\" > /dev/null\nif [[ $? != 0 ]] ; then\n    cat << EOM\nerror: The sandbox is not in sync with the Podfile.lock. Run 'pod install' or update your CocoaPods installation.\nEOM\n    exit 1\nfi\n";
			showEnvVarsInLog = 0;
		};
		F3EDA83F5F48424AB790029D /* Copy Pods Resources */ = {
			isa = PBXShellScriptBuildPhase;
			buildActionMask = 2147483647;
			files = (
			);
			inputPaths = (
			);
			name = "Copy Pods Resources";
			outputPaths = (
			);
			runOnlyForDeploymentPostprocessing = 0;
			shellPath = /bin/sh;
			shellScript = "\"${SRCROOT}/Pods/Pods-resources.sh\"\n";
			showEnvVarsInLog = 0;
		};
/* End PBXShellScriptBuildPhase section */

/* Begin PBXSourcesBuildPhase section */
		C7BE202B1872BD590039F44A /* Sources */ = {
			isa = PBXSourcesBuildPhase;
			buildActionMask = 2147483647;
			files = (
				C779F52318763507002E75EF /* WBSFantorangenWebViewOperation.m in Sources */,
				C779F52418763507002E75EF /* WBSEpisode.m in Sources */,
				C718B97C1944412300996736 /* WBSProgramStorage.m in Sources */,
				C7BE207418743BD70039F44A /* NSMutableArray+WBSQueue.m in Sources */,
				C7C82C6A18849C96000FE61D /* WBSScrubberView.m in Sources */,
				C779F52118763507002E75EF /* WBSAVPlayerViewController.m in Sources */,
				C718B9781943A06100996736 /* WBSFantorangenEpisodeTableViewCell+WBSEpisode.m in Sources */,
				C718B97F19444E2000996736 /* WBSSeason.m in Sources */,
				C7ADB0CF1885C3EF00BE2ED9 /* NSObject+Nametags.m in Sources */,
				C779F52218763507002E75EF /* WBSFantorangenEpisodeManager.m in Sources */,
				C7DBBC7618786FC500DC6C22 /* WBSFantorangenEpisodesViewController.m in Sources */,
				C7BE20431872BD590039F44A /* WBSAppDelegate.m in Sources */,
				C7ADB0D21885E86900BE2ED9 /* UIImage+Resize.m in Sources */,
				C779F52618763507002E75EF /* main.m in Sources */,
				C779F52018763507002E75EF /* WBSAVPlayerView.m in Sources */,
				C7DBBC7C187B65DA00DC6C22 /* WBSFantorangenEpisodesSectionTableViewCell.m in Sources */,
				C7F09C60187CAFDC00BCCF11 /* NSArray+RandomOrder.m in Sources */,
				C779F52718763507002E75EF /* WBSFantorangenEpisodeViewController.m in Sources */,
				C718B9791943A1EF00996736 /* WBSFantorangenEpisodeTableViewCell.m in Sources */,
			);
			runOnlyForDeploymentPostprocessing = 0;
		};
		C7BE204C1872BD590039F44A /* Sources */ = {
			isa = PBXSourcesBuildPhase;
			buildActionMask = 2147483647;
			files = (
				C7BE205E1872BD590039F44A /* FantorangenTests.m in Sources */,
			);
			runOnlyForDeploymentPostprocessing = 0;
		};
/* End PBXSourcesBuildPhase section */

/* Begin PBXTargetDependency section */
		C7BE20561872BD590039F44A /* PBXTargetDependency */ = {
			isa = PBXTargetDependency;
			target = C7BE202E1872BD590039F44A /* Fantorangen */;
			targetProxy = C7BE20551872BD590039F44A /* PBXContainerItemProxy */;
		};
/* End PBXTargetDependency section */

/* Begin PBXVariantGroup section */
		C779F5291876355F002E75EF /* Main.storyboard */ = {
			isa = PBXVariantGroup;
			children = (
				C779F52A1876355F002E75EF /* Base */,
			);
			name = Main.storyboard;
			sourceTree = "<group>";
		};
		C779F52B1876355F002E75EF /* InfoPlist.strings */ = {
			isa = PBXVariantGroup;
			children = (
				C779F52C1876355F002E75EF /* en */,
			);
			name = InfoPlist.strings;
			sourceTree = "<group>";
		};
		C7BE205A1872BD590039F44A /* InfoPlist.strings */ = {
			isa = PBXVariantGroup;
			children = (
				C7BE205B1872BD590039F44A /* en */,
			);
			name = InfoPlist.strings;
			sourceTree = "<group>";
		};
/* End PBXVariantGroup section */

/* Begin XCBuildConfiguration section */
		C7BE205F1872BD590039F44A /* Debug */ = {
			isa = XCBuildConfiguration;
			buildSettings = {
				ALWAYS_SEARCH_USER_PATHS = NO;
				ARCHS = "$(ARCHS_STANDARD)";
				CLANG_CXX_LANGUAGE_STANDARD = "gnu++0x";
				CLANG_CXX_LIBRARY = "libc++";
				CLANG_ENABLE_MODULES = YES;
				CLANG_ENABLE_OBJC_ARC = YES;
				CLANG_WARN_BOOL_CONVERSION = YES;
				CLANG_WARN_CONSTANT_CONVERSION = YES;
				CLANG_WARN_DIRECT_OBJC_ISA_USAGE = YES_ERROR;
				CLANG_WARN_EMPTY_BODY = YES;
				CLANG_WARN_ENUM_CONVERSION = YES;
				CLANG_WARN_INT_CONVERSION = YES;
				CLANG_WARN_OBJC_ROOT_CLASS = YES_ERROR;
				CLANG_WARN__DUPLICATE_METHOD_MATCH = YES;
				"CODE_SIGN_IDENTITY[sdk=iphoneos*]" = "iPhone Developer";
				COPY_PHASE_STRIP = NO;
				GCC_C_LANGUAGE_STANDARD = gnu99;
				GCC_DYNAMIC_NO_PIC = NO;
				GCC_OPTIMIZATION_LEVEL = 0;
				GCC_PREPROCESSOR_DEFINITIONS = (
					"DEBUG=1",
					"$(inherited)",
				);
				GCC_SYMBOLS_PRIVATE_EXTERN = NO;
				GCC_WARN_64_TO_32_BIT_CONVERSION = YES;
				GCC_WARN_ABOUT_RETURN_TYPE = YES_ERROR;
				GCC_WARN_UNDECLARED_SELECTOR = YES;
				GCC_WARN_UNINITIALIZED_AUTOS = YES;
				GCC_WARN_UNUSED_FUNCTION = YES;
				GCC_WARN_UNUSED_VARIABLE = YES;
				IPHONEOS_DEPLOYMENT_TARGET = 7.0;
				ONLY_ACTIVE_ARCH = YES;
				SDKROOT = iphoneos;
			};
			name = Debug;
		};
		C7BE20601872BD590039F44A /* Release */ = {
			isa = XCBuildConfiguration;
			buildSettings = {
				ALWAYS_SEARCH_USER_PATHS = NO;
				ARCHS = "$(ARCHS_STANDARD)";
				CLANG_CXX_LANGUAGE_STANDARD = "gnu++0x";
				CLANG_CXX_LIBRARY = "libc++";
				CLANG_ENABLE_MODULES = YES;
				CLANG_ENABLE_OBJC_ARC = YES;
				CLANG_WARN_BOOL_CONVERSION = YES;
				CLANG_WARN_CONSTANT_CONVERSION = YES;
				CLANG_WARN_DIRECT_OBJC_ISA_USAGE = YES_ERROR;
				CLANG_WARN_EMPTY_BODY = YES;
				CLANG_WARN_ENUM_CONVERSION = YES;
				CLANG_WARN_INT_CONVERSION = YES;
				CLANG_WARN_OBJC_ROOT_CLASS = YES_ERROR;
				CLANG_WARN__DUPLICATE_METHOD_MATCH = YES;
				"CODE_SIGN_IDENTITY[sdk=iphoneos*]" = "iPhone Developer";
				COPY_PHASE_STRIP = YES;
				ENABLE_NS_ASSERTIONS = NO;
				GCC_C_LANGUAGE_STANDARD = gnu99;
				GCC_WARN_64_TO_32_BIT_CONVERSION = YES;
				GCC_WARN_ABOUT_RETURN_TYPE = YES_ERROR;
				GCC_WARN_UNDECLARED_SELECTOR = YES;
				GCC_WARN_UNINITIALIZED_AUTOS = YES;
				GCC_WARN_UNUSED_FUNCTION = YES;
				GCC_WARN_UNUSED_VARIABLE = YES;
				IPHONEOS_DEPLOYMENT_TARGET = 7.0;
				SDKROOT = iphoneos;
				VALIDATE_PRODUCT = YES;
			};
			name = Release;
		};
		C7BE20621872BD590039F44A /* Debug */ = {
			isa = XCBuildConfiguration;
			baseConfigurationReference = 49FBD68575E64DC6B845FD75 /* Pods.xcconfig */;
			buildSettings = {
				ASSETCATALOG_COMPILER_APPICON_NAME = AppIcon;
				ASSETCATALOG_COMPILER_LAUNCHIMAGE_NAME = LaunchImage;
				GCC_PRECOMPILE_PREFIX_HEADER = YES;
				GCC_PREFIX_HEADER = "$(SRCROOT)/Fantorangen/Supporting Files/Fantorangen-Prefix.pch";
				INFOPLIST_FILE = "$(SRCROOT)/Fantorangen/Supporting Files/Fantorangen-Info.plist";
				PRODUCT_NAME = "$(TARGET_NAME)";
				WRAPPER_EXTENSION = app;
			};
			name = Debug;
		};
		C7BE20631872BD590039F44A /* Release */ = {
			isa = XCBuildConfiguration;
			baseConfigurationReference = 49FBD68575E64DC6B845FD75 /* Pods.xcconfig */;
			buildSettings = {
				ASSETCATALOG_COMPILER_APPICON_NAME = AppIcon;
				ASSETCATALOG_COMPILER_LAUNCHIMAGE_NAME = LaunchImage;
				GCC_PRECOMPILE_PREFIX_HEADER = YES;
				GCC_PREFIX_HEADER = "$(SRCROOT)/Fantorangen/Supporting Files/Fantorangen-Prefix.pch";
				INFOPLIST_FILE = "$(SRCROOT)/Fantorangen/Supporting Files/Fantorangen-Info.plist";
				PRODUCT_NAME = "$(TARGET_NAME)";
				WRAPPER_EXTENSION = app;
			};
			name = Release;
		};
		C7BE20651872BD590039F44A /* Debug */ = {
			isa = XCBuildConfiguration;
			buildSettings = {
				ARCHS = "$(ARCHS_STANDARD_INCLUDING_64_BIT)";
				BUNDLE_LOADER = "$(BUILT_PRODUCTS_DIR)/Fantorangen.app/Fantorangen";
				FRAMEWORK_SEARCH_PATHS = (
					"$(SDKROOT)/Developer/Library/Frameworks",
					"$(inherited)",
					"$(DEVELOPER_FRAMEWORKS_DIR)",
				);
				GCC_PRECOMPILE_PREFIX_HEADER = YES;
				GCC_PREFIX_HEADER = "Fantorangen/Fantorangen-Prefix.pch";
				GCC_PREPROCESSOR_DEFINITIONS = (
					"DEBUG=1",
					"$(inherited)",
				);
				INFOPLIST_FILE = "FantorangenTests/FantorangenTests-Info.plist";
				PRODUCT_NAME = "$(TARGET_NAME)";
				TEST_HOST = "$(BUNDLE_LOADER)";
				WRAPPER_EXTENSION = xctest;
			};
			name = Debug;
		};
		C7BE20661872BD590039F44A /* Release */ = {
			isa = XCBuildConfiguration;
			buildSettings = {
				ARCHS = "$(ARCHS_STANDARD_INCLUDING_64_BIT)";
				BUNDLE_LOADER = "$(BUILT_PRODUCTS_DIR)/Fantorangen.app/Fantorangen";
				FRAMEWORK_SEARCH_PATHS = (
					"$(SDKROOT)/Developer/Library/Frameworks",
					"$(inherited)",
					"$(DEVELOPER_FRAMEWORKS_DIR)",
				);
				GCC_PRECOMPILE_PREFIX_HEADER = YES;
				GCC_PREFIX_HEADER = "Fantorangen/Fantorangen-Prefix.pch";
				INFOPLIST_FILE = "FantorangenTests/FantorangenTests-Info.plist";
				PRODUCT_NAME = "$(TARGET_NAME)";
				TEST_HOST = "$(BUNDLE_LOADER)";
				WRAPPER_EXTENSION = xctest;
			};
			name = Release;
		};
/* End XCBuildConfiguration section */

/* Begin XCConfigurationList section */
		C7BE202A1872BD590039F44A /* Build configuration list for PBXProject "Fantorangen" */ = {
			isa = XCConfigurationList;
			buildConfigurations = (
				C7BE205F1872BD590039F44A /* Debug */,
				C7BE20601872BD590039F44A /* Release */,
			);
			defaultConfigurationIsVisible = 0;
			defaultConfigurationName = Release;
		};
		C7BE20611872BD590039F44A /* Build configuration list for PBXNativeTarget "Fantorangen" */ = {
			isa = XCConfigurationList;
			buildConfigurations = (
				C7BE20621872BD590039F44A /* Debug */,
				C7BE20631872BD590039F44A /* Release */,
			);
			defaultConfigurationIsVisible = 0;
			defaultConfigurationName = Release;
		};
		C7BE20641872BD590039F44A /* Build configuration list for PBXNativeTarget "FantorangenTests" */ = {
			isa = XCConfigurationList;
			buildConfigurations = (
				C7BE20651872BD590039F44A /* Debug */,
				C7BE20661872BD590039F44A /* Release */,
			);
			defaultConfigurationIsVisible = 0;
			defaultConfigurationName = Release;
		};
/* End XCConfigurationList section */
	};
	rootObject = C7BE20271872BD590039F44A /* Project object */;
}
